// !$*UTF8*$!
{
	archiveVersion = 1;
	classes = {
	};
	objectVersion = 50;
	objects = {

/* Begin PBXBuildFile section */
		7D8F423624BCA8F400D62138 /* AppDelegate.swift in Sources */ = {isa = PBXBuildFile; fileRef = 7D8F423524BCA8F400D62138 /* AppDelegate.swift */; };
		7D8F423824BCA8F400D62138 /* SceneDelegate.swift in Sources */ = {isa = PBXBuildFile; fileRef = 7D8F423724BCA8F400D62138 /* SceneDelegate.swift */; };
		7D8F423A24BCA8F400D62138 /* ContentView.swift in Sources */ = {isa = PBXBuildFile; fileRef = 7D8F423924BCA8F400D62138 /* ContentView.swift */; };
		7D8F423C24BCA8F800D62138 /* Assets.xcassets in Resources */ = {isa = PBXBuildFile; fileRef = 7D8F423B24BCA8F800D62138 /* Assets.xcassets */; };
		7D8F423F24BCA8F800D62138 /* Preview Assets.xcassets in Resources */ = {isa = PBXBuildFile; fileRef = 7D8F423E24BCA8F800D62138 /* Preview Assets.xcassets */; };
		7D8F424224BCA8F800D62138 /* LaunchScreen.storyboard in Resources */ = {isa = PBXBuildFile; fileRef = 7D8F424024BCA8F800D62138 /* LaunchScreen.storyboard */; };
/* End PBXBuildFile section */

/* Begin PBXFileReference section */
		7D8F423224BCA8F400D62138 /* TomThumb.app */ = {isa = PBXFileReference; explicitFileType = wrapper.application; includeInIndex = 0; path = TomThumb.app; sourceTree = BUILT_PRODUCTS_DIR; };
		7D8F423524BCA8F400D62138 /* AppDelegate.swift */ = {isa = PBXFileReference; lastKnownFileType = sourcecode.swift; path = AppDelegate.swift; sourceTree = "<group>"; };
		7D8F423724BCA8F400D62138 /* SceneDelegate.swift */ = {isa = PBXFileReference; lastKnownFileType = sourcecode.swift; path = SceneDelegate.swift; sourceTree = "<group>"; };
		7D8F423924BCA8F400D62138 /* ContentView.swift */ = {isa = PBXFileReference; lastKnownFileType = sourcecode.swift; path = ContentView.swift; sourceTree = "<group>"; };
		7D8F423B24BCA8F800D62138 /* Assets.xcassets */ = {isa = PBXFileReference; lastKnownFileType = folder.assetcatalog; path = Assets.xcassets; sourceTree = "<group>"; };
		7D8F423E24BCA8F800D62138 /* Preview Assets.xcassets */ = {isa = PBXFileReference; lastKnownFileType = folder.assetcatalog; path = "Preview Assets.xcassets"; sourceTree = "<group>"; };
		7D8F424124BCA8F800D62138 /* Base */ = {isa = PBXFileReference; lastKnownFileType = file.storyboard; name = Base; path = Base.lproj/LaunchScreen.storyboard; sourceTree = "<group>"; };
		7D8F424324BCA8F800D62138 /* Info.plist */ = {isa = PBXFileReference; lastKnownFileType = text.plist.xml; path = Info.plist; sourceTree = "<group>"; };
/* End PBXFileReference section */

/* Begin PBXFrameworksBuildPhase section */
		7D8F422F24BCA8F400D62138 /* Frameworks */ = {
			isa = PBXFrameworksBuildPhase;
			buildActionMask = 2147483647;
			files = (
			);
			runOnlyForDeploymentPostprocessing = 0;
		};
/* End PBXFrameworksBuildPhase section */

/* Begin PBXGroup section */
		7D8F422924BCA8F400D62138 = {
			isa = PBXGroup;
			children = (
				7D8F423424BCA8F400D62138 /* TomThumb */,
				7D8F423324BCA8F400D62138 /* Products */,
			);
			sourceTree = "<group>";
		};
		7D8F423324BCA8F400D62138 /* Products */ = {
			isa = PBXGroup;
			children = (
				7D8F423224BCA8F400D62138 /* TomThumb.app */,
			);
			name = Products;
			sourceTree = "<group>";
		};
		7D8F423424BCA8F400D62138 /* TomThumb */ = {
			isa = PBXGroup;
			children = (
				7D8F423524BCA8F400D62138 /* AppDelegate.swift */,
				7D8F423724BCA8F400D62138 /* SceneDelegate.swift */,
				7D8F423924BCA8F400D62138 /* ContentView.swift */,
				7D8F423B24BCA8F800D62138 /* Assets.xcassets */,
				7D8F424024BCA8F800D62138 /* LaunchScreen.storyboard */,
				7D8F424324BCA8F800D62138 /* Info.plist */,
				7D8F423D24BCA8F800D62138 /* Preview Content */,
			);
			path = TomThumb;
			sourceTree = "<group>";
		};
		7D8F423D24BCA8F800D62138 /* Preview Content */ = {
			isa = PBXGroup;
			children = (
				7D8F423E24BCA8F800D62138 /* Preview Assets.xcassets */,
			);
			path = "Preview Content";
			sourceTree = "<group>";
		};
/* End PBXGroup section */

/* Begin PBXNativeTarget section */
		7D8F423124BCA8F400D62138 /* TomThumb */ = {
			isa = PBXNativeTarget;
			buildConfigurationList = 7D8F424624BCA8F800D62138 /* Build configuration list for PBXNativeTarget "TomThumb" */;
			buildPhases = (
				7D8F422E24BCA8F400D62138 /* Sources */,
				7D8F422F24BCA8F400D62138 /* Frameworks */,
				7D8F423024BCA8F400D62138 /* Resources */,
			);
			buildRules = (
			);
			dependencies = (
			);
			name = TomThumb;
			productName = TomThumb;
			productReference = 7D8F423224BCA8F400D62138 /* TomThumb.app */;
			productType = "com.apple.product-type.application";
		};
/* End PBXNativeTarget section */

/* Begin PBXProject section */
		7D8F422A24BCA8F400D62138 /* Project object */ = {
			isa = PBXProject;
			attributes = {
				LastSwiftUpdateCheck = 1150;
				LastUpgradeCheck = 1150;
				ORGANIZATIONNAME = Sora;
				TargetAttributes = {
					7D8F423124BCA8F400D62138 = {
						CreatedOnToolsVersion = 11.5;
					};
				};
			};
			buildConfigurationList = 7D8F422D24BCA8F400D62138 /* Build configuration list for PBXProject "TomThumb" */;
			compatibilityVersion = "Xcode 9.3";
			developmentRegion = en;
			hasScannedForEncodings = 0;
			knownRegions = (
				en,
				Base,
			);
			mainGroup = 7D8F422924BCA8F400D62138;
			productRefGroup = 7D8F423324BCA8F400D62138 /* Products */;
			projectDirPath = "";
			projectRoot = "";
			targets = (
				7D8F423124BCA8F400D62138 /* TomThumb */,
			);
		};
/* End PBXProject section */

/* Begin PBXResourcesBuildPhase section */
		7D8F423024BCA8F400D62138 /* Resources */ = {
			isa = PBXResourcesBuildPhase;
			buildActionMask = 2147483647;
			files = (
				7D8F424224BCA8F800D62138 /* LaunchScreen.storyboard in Resources */,
				7D8F423F24BCA8F800D62138 /* Preview Assets.xcassets in Resources */,
				7D8F423C24BCA8F800D62138 /* Assets.xcassets in Resources */,
			);
			runOnlyForDeploymentPostprocessing = 0;
		};
/* End PBXResourcesBuildPhase section */

/* Begin PBXSourcesBuildPhase section */
		7D8F422E24BCA8F400D62138 /* Sources */ = {
			isa = PBXSourcesBuildPhase;
			buildActionMask = 2147483647;
			files = (
				7D8F423624BCA8F400D62138 /* AppDelegate.swift in Sources */,
				7D8F423824BCA8F400D62138 /* SceneDelegate.swift in Sources */,
				7D8F423A24BCA8F400D62138 /* ContentView.swift in Sources */,
			);
			runOnlyForDeploymentPostprocessing = 0;
		};
/* End PBXSourcesBuildPhase section */

/* Begin PBXVariantGroup section */
		7D8F424024BCA8F800D62138 /* LaunchScreen.storyboard */ = {
			isa = PBXVariantGroup;
			children = (
				7D8F424124BCA8F800D62138 /* Base */,
			);
			name = LaunchScreen.storyboard;
			sourceTree = "<group>";
		};
/* End PBXVariantGroup section */

/* Begin XCBuildConfiguration section */
		7D8F424424BCA8F800D62138 /* Debug */ = {
			isa = XCBuildConfiguration;
			buildSettings = {
				ALWAYS_SEARCH_USER_PATHS = NO;
				CLANG_ANALYZER_NONNULL = YES;
				CLANG_ANALYZER_NUMBER_OBJECT_CONVERSION = YES_AGGRESSIVE;
				CLANG_CXX_LANGUAGE_STANDARD = "gnu++14";
				CLANG_CXX_LIBRARY = "libc++";
				CLANG_ENABLE_MODULES = YES;
				CLANG_ENABLE_OBJC_ARC = YES;
				CLANG_ENABLE_OBJC_WEAK = YES;
				CLANG_WARN_BLOCK_CAPTURE_AUTORELEASING = YES;
				CLANG_WARN_BOOL_CONVERSION = YES;
				CLANG_WARN_COMMA = YES;
				CLANG_WARN_CONSTANT_CONVERSION = YES;
				CLANG_WARN_DEPRECATED_OBJC_IMPLEMENTATIONS = YES;
				CLANG_WARN_DIRECT_OBJC_ISA_USAGE = YES_ERROR;
				CLANG_WARN_DOCUMENTATION_COMMENTS = YES;
				CLANG_WARN_EMPTY_BODY = YES;
				CLANG_WARN_ENUM_CONVERSION = YES;
				CLANG_WARN_INFINITE_RECURSION = YES;
				CLANG_WARN_INT_CONVERSION = YES;
				CLANG_WARN_NON_LITERAL_NULL_CONVERSION = YES;
				CLANG_WARN_OBJC_IMPLICIT_RETAIN_SELF = YES;
				CLANG_WARN_OBJC_LITERAL_CONVERSION = YES;
				CLANG_WARN_OBJC_ROOT_CLASS = YES_ERROR;
				CLANG_WARN_RANGE_LOOP_ANALYSIS = YES;
				CLANG_WARN_STRICT_PROTOTYPES = YES;
				CLANG_WARN_SUSPICIOUS_MOVE = YES;
				CLANG_WARN_UNGUARDED_AVAILABILITY = YES_AGGRESSIVE;
				CLANG_WARN_UNREACHABLE_CODE = YES;
				CLANG_WARN__DUPLICATE_METHOD_MATCH = YES;
				COPY_PHASE_STRIP = NO;
				DEBUG_INFORMATION_FORMAT = dwarf;
				ENABLE_STRICT_OBJC_MSGSEND = YES;
				ENABLE_TESTABILITY = YES;
				GCC_C_LANGUAGE_STANDARD = gnu11;
				GCC_DYNAMIC_NO_PIC = NO;
				GCC_NO_COMMON_BLOCKS = YES;
				GCC_OPTIMIZATION_LEVEL = 0;
				GCC_PREPROCESSOR_DEFINITIONS = (
					"DEBUG=1",
					"$(inherited)",
				);
				GCC_WARN_64_TO_32_BIT_CONVERSION = YES;
				GCC_WARN_ABOUT_RETURN_TYPE = YES_ERROR;
				GCC_WARN_UNDECLARED_SELECTOR = YES;
				GCC_WARN_UNINITIALIZED_AUTOS = YES_AGGRESSIVE;
				GCC_WARN_UNUSED_FUNCTION = YES;
				GCC_WARN_UNUSED_VARIABLE = YES;
				IPHONEOS_DEPLOYMENT_TARGET = 13.5;
				MTL_ENABLE_DEBUG_INFO = INCLUDE_SOURCE;
				MTL_FAST_MATH = YES;
				ONLY_ACTIVE_ARCH = YES;
				SDKROOT = iphoneos;
				SWIFT_ACTIVE_COMPILATION_CONDITIONS = DEBUG;
				SWIFT_OPTIMIZATION_LEVEL = "-Onone";
			};
			name = Debug;
		};
		7D8F424524BCA8F800D62138 /* Release */ = {
			isa = XCBuildConfiguration;
			buildSettings = {
				ALWAYS_SEARCH_USER_PATHS = NO;
				CLANG_ANALYZER_NONNULL = YES;
				CLANG_ANALYZER_NUMBER_OBJECT_CONVERSION = YES_AGGRESSIVE;
				CLANG_CXX_LANGUAGE_STANDARD = "gnu++14";
				CLANG_CXX_LIBRARY = "libc++";
				CLANG_ENABLE_MODULES = YES;
				CLANG_ENABLE_OBJC_ARC = YES;
				CLANG_ENABLE_OBJC_WEAK = YES;
				CLANG_WARN_BLOCK_CAPTURE_AUTORELEASING = YES;
				CLANG_WARN_BOOL_CONVERSION = YES;
				CLANG_WARN_COMMA = YES;
				CLANG_WARN_CONSTANT_CONVERSION = YES;
				CLANG_WARN_DEPRECATED_OBJC_IMPLEMENTATIONS = YES;
				CLANG_WARN_DIRECT_OBJC_ISA_USAGE = YES_ERROR;
				CLANG_WARN_DOCUMENTATION_COMMENTS = YES;
				CLANG_WARN_EMPTY_BODY = YES;
				CLANG_WARN_ENUM_CONVERSION = YES;
				CLANG_WARN_INFINITE_RECURSION = YES;
				CLANG_WARN_INT_CONVERSION = YES;
				CLANG_WARN_NON_LITERAL_NULL_CONVERSION = YES;
				CLANG_WARN_OBJC_IMPLICIT_RETAIN_SELF = YES;
				CLANG_WARN_OBJC_LITERAL_CONVERSION = YES;
				CLANG_WARN_OBJC_ROOT_CLASS = YES_ERROR;
				CLANG_WARN_RANGE_LOOP_ANALYSIS = YES;
				CLANG_WARN_STRICT_PROTOTYPES = YES;
				CLANG_WARN_SUSPICIOUS_MOVE = YES;
				CLANG_WARN_UNGUARDED_AVAILABILITY = YES_AGGRESSIVE;
				CLANG_WARN_UNREACHABLE_CODE = YES;
				CLANG_WARN__DUPLICATE_METHOD_MATCH = YES;
				COPY_PHASE_STRIP = NO;
				DEBUG_INFORMATION_FORMAT = "dwarf-with-dsym";
				ENABLE_NS_ASSERTIONS = NO;
				ENABLE_STRICT_OBJC_MSGSEND = YES;
				GCC_C_LANGUAGE_STANDARD = gnu11;
				GCC_NO_COMMON_BLOCKS = YES;
				GCC_WARN_64_TO_32_BIT_CONVERSION = YES;
				GCC_WARN_ABOUT_RETURN_TYPE = YES_ERROR;
				GCC_WARN_UNDECLARED_SELECTOR = YES;
				GCC_WARN_UNINITIALIZED_AUTOS = YES_AGGRESSIVE;
				GCC_WARN_UNUSED_FUNCTION = YES;
				GCC_WARN_UNUSED_VARIABLE = YES;
				IPHONEOS_DEPLOYMENT_TARGET = 13.5;
				MTL_ENABLE_DEBUG_INFO = NO;
				MTL_FAST_MATH = YES;
				SDKROOT = iphoneos;
				SWIFT_COMPILATION_MODE = wholemodule;
				SWIFT_OPTIMIZATION_LEVEL = "-O";
				VALIDATE_PRODUCT = YES;
			};
			name = Release;
		};
		7D8F424724BCA8F800D62138 /* Debug */ = {
			isa = XCBuildConfiguration;
			buildSettings = {
				ASSETCATALOG_COMPILER_APPICON_NAME = AppIcon;
				CODE_SIGN_STYLE = Automatic;
				DEVELOPMENT_ASSET_PATHS = "\"TomThumb/Preview Content\"";
				DEVELOPMENT_TEAM = D4B3PY9A2P;
				ENABLE_PREVIEWS = YES;
				INFOPLIST_FILE = TomThumb/Info.plist;
				LD_RUNPATH_SEARCH_PATHS = (
					"$(inherited)",
					"@executable_path/Frameworks",
				);
				PRODUCT_BUNDLE_IDENTIFIER = it.sora.TomThumb;
				PRODUCT_NAME = "$(TARGET_NAME)";
				SWIFT_VERSION = 5.0;
				TARGETED_DEVICE_FAMILY = "1,2";
			};
			name = Debug;
		};
		7D8F424824BCA8F800D62138 /* Release */ = {
			isa = XCBuildConfiguration;
			buildSettings = {
				ASSETCATALOG_COMPILER_APPICON_NAME = AppIcon;
				CODE_SIGN_STYLE = Automatic;
				DEVELOPMENT_ASSET_PATHS = "\"TomThumb/Preview Content\"";
				DEVELOPMENT_TEAM = D4B3PY9A2P;
				ENABLE_PREVIEWS = YES;
				INFOPLIST_FILE = TomThumb/Info.plist;
				LD_RUNPATH_SEARCH_PATHS = (
					"$(inherited)",
					"@executable_path/Frameworks",
				);
				PRODUCT_BUNDLE_IDENTIFIER = it.sora.TomThumb;
				PRODUCT_NAME = "$(TARGET_NAME)";
				SWIFT_VERSION = 5.0;
				TARGETED_DEVICE_FAMILY = "1,2";
			};
			name = Release;
		};
/* End XCBuildConfiguration section */

/* Begin XCConfigurationList section */
		7D8F422D24BCA8F400D62138 /* Build configuration list for PBXProject "TomThumb" */ = {
			isa = XCConfigurationList;
			buildConfigurations = (
				7D8F424424BCA8F800D62138 /* Debug */,
				7D8F424524BCA8F800D62138 /* Release */,
			);
			defaultConfigurationIsVisible = 0;
			defaultConfigurationName = Release;
		};
		7D8F424624BCA8F800D62138 /* Build configuration list for PBXNativeTarget "TomThumb" */ = {
			isa = XCConfigurationList;
			buildConfigurations = (
				7D8F424724BCA8F800D62138 /* Debug */,
				7D8F424824BCA8F800D62138 /* Release */,
			);
			defaultConfigurationIsVisible = 0;
			defaultConfigurationName = Release;
		};
/* End XCConfigurationList section */
	};
	rootObject = 7D8F422A24BCA8F400D62138 /* Project object */;
}
